<?xml version="1.0" encoding="utf-8"?>
<Project ToolsVersion="4.0" xmlns="http://schemas.microsoft.com/developer/msbuild/2003">
  <ItemGroup>
    <Filter Include="Source Files">
      <UniqueIdentifier>{4FC737F1-C7A5-4376-A066-2A32D752A2FF}</UniqueIdentifier>
      <Extensions>cpp;c;cc;cxx;def;odl;idl;hpj;bat;asm;asmx</Extensions>
    </Filter>
    <Filter Include="Header Files">
      <UniqueIdentifier>{93995380-89BD-4b04-88EB-625FBE52EBFB}</UniqueIdentifier>
      <Extensions>h;hpp;hxx;hm;inl;inc;xsd</Extensions>
    </Filter>
    <Filter Include="Resource Files">
      <UniqueIdentifier>{67DA6AB6-F800-4c08-8B7A-83BB121AAD01}</UniqueIdentifier>
      <Extensions>rc;ico;cur;bmp;dlg;rc2;rct;bin;rgs;gif;jpg;jpeg;jpe;resx;tiff;tif;png;wav;mfcribbon-ms</Extensions>
    </Filter>
    <Filter Include="Header Files\_Automated">
      <UniqueIdentifier>{73748362-90ec-4266-8a32-d3b649302f2c}</UniqueIdentifier>
    </Filter>
    <Filter Include="Source Files\_Automated">
      <UniqueIdentifier>{0cf4eb04-0bc8-4572-b3f2-a23fba77b643}</UniqueIdentifier>
    </Filter>
    <Filter Include="Source Files\GUI">
      <UniqueIdentifier>{25966f47-d457-4458-8367-92ca99aebc1e}</UniqueIdentifier>
    </Filter>
    <Filter Include="Source Files\Core">
      <UniqueIdentifier>{7701837b-72b8-416e-9d45-84b2f622b539}</UniqueIdentifier>
    </Filter>
    <Filter Include="Header Files\GUI">
      <UniqueIdentifier>{c1311d4e-9726-4a90-9605-baa55816baa5}</UniqueIdentifier>
    </Filter>
    <Filter Include="Header Files\Core">
      <UniqueIdentifier>{4e4fa5d7-7494-4115-97db-f95a656bf04e}</UniqueIdentifier>
    </Filter>
    <Filter Include="Header Files\ThirdParty">
      <UniqueIdentifier>{bd4b5871-6087-439d-863b-98dbe501aeba}</UniqueIdentifier>
    </Filter>
    <Filter Include="Header Files\ThirdParty\tinyxml2">
      <UniqueIdentifier>{6eafae8d-37b4-4620-90de-311c02fccb67}</UniqueIdentifier>
    </Filter>
    <Filter Include="Source Files\ThirdParty">
      <UniqueIdentifier>{219ebfd6-6c05-4a3a-abe6-88902d242938}</UniqueIdentifier>
    </Filter>
    <Filter Include="Source Files\ThirdParty\tinyxml2">
      <UniqueIdentifier>{128f4702-bb86-46b3-a112-735dbaee62a1}</UniqueIdentifier>
    </Filter>
  </ItemGroup>
  <ItemGroup>
    <ClCompile Include="..\..\..\Source\GUI\main.cpp">
      <Filter>Source Files</Filter>
    </ClCompile>
    <ClCompile Include="_Automated\moc_mainwindow.cpp">
      <Filter>Source Files\_Automated</Filter>
    </ClCompile>
    <ClCompile Include="_Automated\qrc_Resources.cpp">
      <Filter>Source Files\_Automated</Filter>
    </ClCompile>
    <ClCompile Include="_Automated\moc_Help.cpp">
      <Filter>Source Files\_Automated</Filter>
    </ClCompile>
    <ClCompile Include="_Automated\moc_Plots.cpp">
      <Filter>Source Files\_Automated</Filter>
    </ClCompile>
    <ClCompile Include="_Automated\moc_Control.cpp">
      <Filter>Source Files\_Automated</Filter>
    </ClCompile>
    <ClCompile Include="_Automated\moc_Info.cpp">
      <Filter>Source Files\_Automated</Filter>
    </ClCompile>
    <ClCompile Include="_Automated\moc_TinyDisplay.cpp">
      <Filter>Source Files\_Automated</Filter>
    </ClCompile>
    <ClCompile Include="_Automated\moc_BigDisplay.cpp">
      <Filter>Source Files\_Automated</Filter>
    </ClCompile>
    <ClCompile Include="..\..\..\Source\GUI\TinyDisplay.cpp">
      <Filter>Source Files\GUI</Filter>
    </ClCompile>
    <ClCompile Include="..\..\..\Source\GUI\BigDisplay.cpp">
      <Filter>Source Files\GUI</Filter>
    </ClCompile>
    <ClCompile Include="..\..\..\Source\GUI\Plots.cpp">
      <Filter>Source Files\GUI</Filter>
    </ClCompile>
    <ClCompile Include="..\..\..\Source\Core\Core.cpp">
      <Filter>Source Files\Core</Filter>
    </ClCompile>
    <ClCompile Include="..\..\..\Source\GUI\Control.cpp">
      <Filter>Source Files\GUI</Filter>
    </ClCompile>
    <ClCompile Include="..\..\..\Source\GUI\mainwindow.cpp">
      <Filter>Source Files\GUI</Filter>
    </ClCompile>
    <ClCompile Include="..\..\..\Source\GUI\mainwindow_Ui.cpp">
      <Filter>Source Files\GUI</Filter>
    </ClCompile>
    <ClCompile Include="..\..\..\Source\GUI\mainwindow_Callbacks.cpp">
      <Filter>Source Files\GUI</Filter>
    </ClCompile>
    <ClCompile Include="..\..\..\Source\GUI\mainwindow_More.cpp">
      <Filter>Source Files\GUI</Filter>
    </ClCompile>
    <ClCompile Include="..\..\..\Source\GUI\Help.cpp">
      <Filter>Source Files\GUI</Filter>
    </ClCompile>
    <ClCompile Include="..\..\..\Source\GUI\Info.cpp">
      <Filter>Source Files\GUI</Filter>
    </ClCompile>
    <ClCompile Include="..\..\..\Source\GUI\FileInformation.cpp">
      <Filter>Source Files\GUI</Filter>
    </ClCompile>
    <ClCompile Include="_Automated\moc_FileInformation.cpp">
      <Filter>Source Files\_Automated</Filter>
    </ClCompile>
    <ClCompile Include="..\..\..\Source\GUI\FilesList.cpp">
      <Filter>Source Files\GUI</Filter>
    </ClCompile>
    <ClCompile Include="_Automated\moc_FilesList.cpp">
      <Filter>Source Files\_Automated</Filter>
    </ClCompile>
    <ClCompile Include="..\..\..\Source\GUI\preferences.cpp">
      <Filter>Source Files\GUI</Filter>
    </ClCompile>
    <ClCompile Include="_Automated\moc_preferences.cpp">
      <Filter>Source Files\_Automated</Filter>
    </ClCompile>
    <ClCompile Include="..\..\..\Source\Core\VideoStats.cpp">
      <Filter>Source Files\Core</Filter>
    </ClCompile>
    <ClCompile Include="..\..\..\Source\Core\FFmpeg_Glue.cpp">
      <Filter>Source Files\Core</Filter>
    </ClCompile>
    <ClCompile Include="..\..\..\Source\ThirdParty\tinyxml2\tinyxml2.cpp">
      <Filter>Source Files\ThirdParty\tinyxml2</Filter>
    </ClCompile>
    <ClCompile Include="..\..\..\Source\GUI\Plot.cpp">
      <Filter>Source Files\GUI</Filter>
    </ClCompile>
    <ClCompile Include="_Automated\moc_Plot.cpp">
      <Filter>Source Files\_Automated</Filter>
    </ClCompile>
    <ClCompile Include="..\..\..\Source\Core\VideoCore.cpp">
      <Filter>Source Files\Core</Filter>
    </ClCompile>
    <ClCompile Include="..\..\..\Source\Core\AudioCore.cpp">
      <Filter>Source Files\Core</Filter>
    </ClCompile>
    <ClCompile Include="..\..\..\Source\Core\AudioStats.cpp">
      <Filter>Source Files\Core</Filter>
    </ClCompile>
    <ClCompile Include="..\..\..\Source\Core\CommonStats.cpp">
      <Filter>Source Files\Core</Filter>
    </ClCompile>
  </ItemGroup>
  <ItemGroup>
    <ClInclude Include="_Automated\ui_mainwindow.h">
      <Filter>Header Files\_Automated</Filter>
    </ClInclude>
    <ClInclude Include="..\..\..\Source\GUI\TinyDisplay.h">
      <Filter>Header Files\GUI</Filter>
    </ClInclude>
    <ClInclude Include="..\..\..\Source\GUI\BigDisplay.h">
      <Filter>Header Files\GUI</Filter>
    </ClInclude>
    <ClInclude Include="..\..\..\Source\GUI\Plots.h">
      <Filter>Header Files\GUI</Filter>
    </ClInclude>
    <ClInclude Include="..\..\..\Source\GUI\Info.h">
      <Filter>Header Files\GUI</Filter>
    </ClInclude>
    <ClInclude Include="..\..\..\Source\GUI\Help.h">
      <Filter>Header Files\GUI</Filter>
    </ClInclude>
    <ClInclude Include="..\..\..\Source\Core\Core.h">
      <Filter>Header Files\Core</Filter>
    </ClInclude>
    <ClInclude Include="..\..\..\Source\GUI\Control.h">
      <Filter>Header Files\GUI</Filter>
    </ClInclude>
    <ClInclude Include="..\..\..\Source\GUI\mainwindow.h">
      <Filter>Header Files\GUI</Filter>
    </ClInclude>
    <ClInclude Include="..\..\..\Source\Core\FFmpeg_Glue.h">
      <Filter>Header Files\Core</Filter>
    </ClInclude>
    <ClInclude Include="..\..\..\Source\GUI\FileInformation.h">
      <Filter>Header Files\GUI</Filter>
    </ClInclude>
    <ClInclude Include="..\..\..\Source\GUI\FilesList.h">
      <Filter>Header Files\GUI</Filter>
    </ClInclude>
    <ClInclude Include="..\..\..\Source\GUI\preferences.h">
      <Filter>Header Files\GUI</Filter>
    </ClInclude>
    <ClInclude Include="_Automated\ui_preferences.h">
      <Filter>Header Files\_Automated</Filter>
    </ClInclude>
    <ClInclude Include="..\..\..\Source\Core\VideoStats.h">
      <Filter>Header Files\Core</Filter>
    </ClInclude>
    <ClInclude Include="..\..\..\Source\ThirdParty\tinyxml2\tinyxml2.h">
      <Filter>Header Files\ThirdParty\tinyxml2</Filter>
    </ClInclude>
    <ClInclude Include="..\..\..\Source\GUI\Plot.h">
      <Filter>Header Files\GUI</Filter>
    </ClInclude>
    <ClInclude Include="..\..\..\Source\Core\AudioCore.h">
      <Filter>Header Files\Core</Filter>
    </ClInclude>
    <ClInclude Include="..\..\..\Source\Core\AudioStats.h">
      <Filter>Header Files\Core</Filter>
    </ClInclude>
    <ClInclude Include="..\..\..\Source\Core\CommonStats.h">
      <Filter>Header Files\Core</Filter>
    </ClInclude>
    <ClInclude Include="..\..\..\Source\Core\VideoCore.h">
      <Filter>Header Files\Core</Filter>
    </ClInclude>
  </ItemGroup>
  <ItemGroup>
    <ResourceCompile Include="QCTools.rc">
      <Filter>Resource Files</Filter>
    </ResourceCompile>
  </ItemGroup>
</Project>